#MicroXplorer Configuration settings - do not modify
CAN1.CalculateTimeBit=1600
CAN1.CalculateTimeQuantum=533.3333333333334
CAN1.IPParameters=CalculateTimeQuantum,CalculateTimeBit
CAN2.BS1=CAN_BS1_3TQ
CAN2.BS2=CAN_BS2_4TQ
CAN2.CalculateTimeBit=8000
CAN2.CalculateTimeQuantum=1000.0000000000001
CAN2.IPParameters=CalculateTimeQuantum,CalculateTimeBit,BS1,BS2,Prescaler,SJW
CAN2.Prescaler=30
CAN2.SJW=CAN_SJW_2TQ
File.Version=5
KeepUserPlacement=false
Mcu.Family=STM32F2
Mcu.IP0=CAN1
Mcu.IP1=CAN2
Mcu.IP2=NVIC
Mcu.IP3=RCC
Mcu.IP4=SYS
Mcu.IPNb=5
Mcu.Name=STM32F207Z(C-E-F-G)Tx
Mcu.Package=LQFP144
Mcu.Pin0=PC14-OSC32_IN
Mcu.Pin1=PC15-OSC32_OUT
Mcu.Pin10=PD1
Mcu.Pin11=PB5
Mcu.Pin12=PB6
Mcu.Pin2=PH0-OSC_IN
Mcu.Pin3=PH1-OSC_OUT
Mcu.Pin4=PB12
Mcu.Pin5=PB13
Mcu.Pin6=PB14
Mcu.Pin7=PA13
Mcu.Pin8=PA14
Mcu.Pin9=PD0
Mcu.PinsNb=13
Mcu.UserConstants=
Mcu.UserName=STM32F207ZETx
MxCube.Version=4.12.0
MxDb.Version=DB.4.0.120
NVIC.PriorityGroup=NVIC_PRIORITYGROUP_4
NVIC.SysTick_IRQn=true\:0\:0\:false
PA13.Mode=Serial-Wire
PA13.Signal=SYS_JTMS-SWDIO
PA14.Mode=Serial-Wire
PA14.Signal=SYS_JTCK-SWCLK
PB12.GPIOParameters=GPIO_Label
PB12.GPIO_Label=LED3
PB12.Locked=true
PB12.Signal=GPIO_Output
PB13.GPIOParameters=GPIO_Label
PB13.GPIO_Label=LED4
PB13.Locked=true
PB13.Signal=GPIO_Output
PB14.GPIOParameters=GPIO_Label
PB14.GPIO_Label=SB1
PB14.Locked=true
PB14.Signal=GPIO_Input
PB5.Mode=Slave
PB5.Signal=CAN2_RX
PB6.Mode=Slave
PB6.Signal=CAN2_TX
PC14-OSC32_IN.Mode=LSE-External-Oscillator
PC14-OSC32_IN.Signal=RCC_OSC32_IN
PC15-OSC32_OUT.Mode=LSE-External-Oscillator
PC15-OSC32_OUT.Signal=RCC_OSC32_OUT
PCC.Checker=false
PCC.Line=STM32F2x7
PCC.MCU=STM32F207Z(C-E-F-G)Tx
PCC.MXVersion=4.12.0
PCC.PartNumber=STM32F207ZETx
PCC.Seq0=0
PCC.Series=STM32F2
PCC.Temperature=25
PCC.Vdd=3.3
PD0.Locked=true
PD0.Mode=Master
PD0.Signal=CAN1_RX
PD1.Locked=true
PD1.Mode=Master
PD1.Signal=CAN1_TX
PH0-OSC_IN.Mode=HSE-External-Oscillator
PH0-OSC_IN.Signal=RCC_OSC_IN
PH1-OSC_OUT.Mode=HSE-External-Oscillator
PH1-OSC_OUT.Signal=RCC_OSC_OUT
RCC.48MHZClocksFreq_Value=48000000
RCC.AHBFreq_Value=120000000
RCC.APB1CLKDivider=RCC_HCLK_DIV4
RCC.APB1Freq_Value=30000000
RCC.APB1TimCLKDivider=1
RCC.APB1TimFreq_Value=30000000
RCC.APB2CLKDivider=RCC_HCLK_DIV2
RCC.APB2Freq_Value=60000000
RCC.APB2TimCLKDivider=1
RCC.APB2TimFreq_Value=60000000
RCC.CortexFreq_Value=120000000
RCC.EthernetFreq_Value=120000000
RCC.FCLKCortexFreq_Value=120000000
RCC.FamilyName=M
RCC.HCLKFreq_Value=120000000
RCC.HSE_VALUE=25000000
RCC.HSI_VALUE=16000000
RCC.I2SClocksFreq_Value=96000000
RCC.IPParameters=FamilyName,HSI_VALUE,SYSCLKFreq_VALUE,AHBFreq_Value,CortexFreq_Value,APB1Freq_Value,APB2Freq_Value,LSI_VALUE,RTCFreq_Value,VCOInputFreq_Value,VCOOutputFreq_Value,PLLCLKFreq_Value,48MHZClocksFreq_Value,VCOI2SOutputFreq_Value,VcooutputI2S,I2SClocksFreq_Value,HSE_VALUE,RTCHSEDivFreq_Value,HCLKFreq_Value,FCLKCortexFreq_Value,APB1TimFreq_Value,APB2TimFreq_Value,EthernetFreq_Value,MCO2PinFreq_Value,PLLQ,APB1TimCLKDivider,APB2CLKDivider,APB2TimCLKDivider,PLLM,PLLSourceVirtual,SYSCLKSource,PLLN,APB1CLKDivider
RCC.LSI_VALUE=32000
RCC.MCO2PinFreq_Value=120000000
RCC.PLLCLKFreq_Value=120000000
RCC.PLLM=25
RCC.PLLN=240
RCC.PLLQ=5
RCC.PLLSourceVirtual=RCC_PLLSOURCE_HSE
RCC.RTCFreq_Value=32000
RCC.RTCHSEDivFreq_Value=12500000
RCC.SYSCLKFreq_VALUE=120000000
RCC.SYSCLKSource=RCC_SYSCLKSOURCE_PLLCLK
RCC.VCOI2SOutputFreq_Value=192000000
RCC.VCOInputFreq_Value=1000000
RCC.VCOOutputFreq_Value=240000000
RCC.VcooutputI2S=96000000
