#MicroXplorer Configuration settings - do not modify
CAN1.CalculateTimeBit=1600
CAN1.CalculateTimeQuantum=533.3333333333334
CAN1.IPParameters=CalculateTimeQuantum,CalculateTimeBit
ETH.IPParameters=MediaInterface
ETH.MediaInterface=ETH_MEDIA_INTERFACE_RMII
File.Version=5
KeepUserPlacement=false
Mcu.Family=STM32F2
Mcu.IP0=CAN1
Mcu.IP1=ETH
Mcu.IP2=NVIC
Mcu.IP3=RCC
Mcu.IP4=SDIO
Mcu.IP5=SPI2
Mcu.IP6=SYS
Mcu.IP7=USART6
Mcu.IPNb=8
Mcu.Name=STM32F207Z(C-E-F-G)Tx
Mcu.Package=LQFP144
Mcu.Pin0=PC14-OSC32_IN
Mcu.Pin1=PC15-OSC32_OUT
Mcu.Pin10=PA1
Mcu.Pin11=PA2
Mcu.Pin12=PA3
Mcu.Pin13=PA4
Mcu.Pin14=PA7
Mcu.Pin15=PC4
Mcu.Pin16=PC5
Mcu.Pin17=PB1
Mcu.Pin18=PB10
Mcu.Pin19=PB11
Mcu.Pin2=PF6
Mcu.Pin20=PB12
Mcu.Pin21=PB13
Mcu.Pin22=PB14
Mcu.Pin23=PC6
Mcu.Pin24=PC7
Mcu.Pin25=PC8
Mcu.Pin26=PC9
Mcu.Pin27=PA13
Mcu.Pin28=PA14
Mcu.Pin29=PA15
Mcu.Pin3=PF7
Mcu.Pin30=PC10
Mcu.Pin31=PC11
Mcu.Pin32=PC12
Mcu.Pin33=PD2
Mcu.Pin34=PG13
Mcu.Pin35=PG14
Mcu.Pin36=PB3
Mcu.Pin37=PB4
Mcu.Pin38=PB5
Mcu.Pin39=PB6
Mcu.Pin4=PH0-OSC_IN
Mcu.Pin40=PB8
Mcu.Pin41=PB9
Mcu.Pin5=PH1-OSC_OUT
Mcu.Pin6=PC1
Mcu.Pin7=PC2
Mcu.Pin8=PC3
Mcu.Pin9=PA0-WKUP
Mcu.PinsNb=42
Mcu.UserConstants=
Mcu.UserName=STM32F207ZETx
MxCube.Version=4.12.0
MxDb.Version=DB.4.0.120
NVIC.PriorityGroup=NVIC_PRIORITYGROUP_4
NVIC.SysTick_IRQn=true\:0\:0\:false
PA0-WKUP.GPIOParameters=GPIO_Label
PA0-WKUP.GPIO_Label=LED1
PA0-WKUP.Locked=true
PA0-WKUP.Signal=GPIO_Output
PA1.Mode=RMII
PA1.Signal=ETH_REF_CLK
PA13.Mode=JTAG(5-pin)
PA13.Signal=SYS_JTMS-SWDIO
PA14.Mode=JTAG(5-pin)
PA14.Signal=SYS_JTCK-SWCLK
PA15.Mode=JTAG(5-pin)
PA15.Signal=SYS_JTDI
PA2.Mode=RMII
PA2.Signal=ETH_MDIO
PA3.GPIOParameters=GPIO_Label
PA3.GPIO_Label=LED2
PA3.Locked=true
PA3.Signal=GPIO_Output
PA4.GPIOParameters=GPIO_Label
PA4.GPIO_Label=SDIO_CD
PA4.Locked=true
PA4.Signal=GPIO_Output
PA7.Mode=RMII
PA7.Signal=ETH_CRS_DV
PB1.GPIOParameters=GPIO_Label
PB1.GPIO_Label=CS_FLASH
PB1.Locked=true
PB1.Signal=GPIO_Output
PB10.GPIOParameters=GPIO_Label
PB10.GPIO_Label=SCK_FLASH
PB10.Mode=Full_Duplex_Master
PB10.Signal=SPI2_SCK
PB11.Mode=RMII
PB11.Signal=ETH_TX_EN
PB12.GPIOParameters=GPIO_Label
PB12.GPIO_Label=LED3
PB12.Locked=true
PB12.Signal=GPIO_Output
PB13.GPIOParameters=GPIO_Label
PB13.GPIO_Label=LED4
PB13.Locked=true
PB13.Signal=GPIO_Output
PB14.GPIOParameters=GPIO_Label
PB14.GPIO_Label=SB1
PB14.Locked=true
PB14.Signal=GPIO_Input
PB3.Mode=JTAG(5-pin)
PB3.Signal=SYS_JTDO-SWO
PB4.Mode=JTAG(5-pin)
PB4.Signal=SYS_JTRST
PB5.GPIOParameters=GPIO_Label
PB5.GPIO_Label=OUT1
PB5.Locked=true
PB5.Signal=GPIO_Output
PB6.GPIOParameters=GPIO_Label
PB6.GPIO_Label=IN1
PB6.Locked=true
PB6.Signal=GPIO_Input
PB8.Locked=true
PB8.Mode=Master
PB8.Signal=CAN1_RX
PB9.Locked=true
PB9.Mode=Master
PB9.Signal=CAN1_TX
PC1.Mode=RMII
PC1.Signal=ETH_MDC
PC10.Mode=SD_4_bits_Wide_bus
PC10.Signal=SDIO_D2
PC11.Mode=SD_4_bits_Wide_bus
PC11.Signal=SDIO_D3
PC12.Mode=SD_4_bits_Wide_bus
PC12.Signal=SDIO_CK
PC14-OSC32_IN.Mode=LSE-External-Oscillator
PC14-OSC32_IN.Signal=RCC_OSC32_IN
PC15-OSC32_OUT.Mode=LSE-External-Oscillator
PC15-OSC32_OUT.Signal=RCC_OSC32_OUT
PC2.Mode=Full_Duplex_Master
PC2.Signal=SPI2_MISO
PC3.Mode=Full_Duplex_Master
PC3.Signal=SPI2_MOSI
PC4.Mode=RMII
PC4.Signal=ETH_RXD0
PC5.Mode=RMII
PC5.Signal=ETH_RXD1
PC6.GPIOParameters=GPIO_Label
PC6.GPIO_Label=RS-485_TX
PC6.Locked=true
PC6.Mode=Asynchronous
PC6.Signal=USART6_TX
PC7.GPIOParameters=GPIO_Label
PC7.GPIO_Label=RS_485_RX
PC7.Mode=Asynchronous
PC7.Signal=USART6_RX
PC8.Mode=SD_4_bits_Wide_bus
PC8.Signal=SDIO_D0
PC9.Mode=SD_4_bits_Wide_bus
PC9.Signal=SDIO_D1
PCC.Checker=false
PCC.Line=STM32F2x7
PCC.MCU=STM32F207Z(C-E-F-G)Tx
PCC.MXVersion=4.12.0
PCC.PartNumber=STM32F207ZETx
PCC.Seq0=0
PCC.Series=STM32F2
PCC.Temperature=25
PCC.Vdd=3.3
PD2.Mode=SD_4_bits_Wide_bus
PD2.Signal=SDIO_CMD
PF6.GPIOParameters=GPIO_Label
PF6.GPIO_Label=1-Wire_A
PF6.Locked=true
PF6.Signal=GPIO_Output
PF7.GPIOParameters=GPIO_Label
PF7.GPIO_Label=1-Wire_B
PF7.Locked=true
PF7.Signal=GPIO_Output
PG13.Locked=true
PG13.Mode=RMII
PG13.Signal=ETH_TXD0
PG14.Locked=true
PG14.Mode=RMII
PG14.Signal=ETH_TXD1
PH0-OSC_IN.Mode=HSE-External-Oscillator
PH0-OSC_IN.Signal=RCC_OSC_IN
PH1-OSC_OUT.Mode=HSE-External-Oscillator
PH1-OSC_OUT.Signal=RCC_OSC_OUT
RCC.48MHZClocksFreq_Value=48000000
RCC.AHBFreq_Value=120000000
RCC.APB1CLKDivider=RCC_HCLK_DIV4
RCC.APB1Freq_Value=30000000
RCC.APB1TimCLKDivider=1
RCC.APB1TimFreq_Value=30000000
RCC.APB2CLKDivider=RCC_HCLK_DIV2
RCC.APB2Freq_Value=60000000
RCC.APB2TimCLKDivider=1
RCC.APB2TimFreq_Value=60000000
RCC.CortexFreq_Value=120000000
RCC.EthernetFreq_Value=120000000
RCC.FCLKCortexFreq_Value=120000000
RCC.FamilyName=M
RCC.HCLKFreq_Value=120000000
RCC.HSE_VALUE=25000000
RCC.HSI_VALUE=16000000
RCC.I2SClocksFreq_Value=96000000
RCC.IPParameters=FamilyName,HSI_VALUE,SYSCLKFreq_VALUE,AHBFreq_Value,CortexFreq_Value,APB1Freq_Value,APB2Freq_Value,LSI_VALUE,RTCFreq_Value,VCOInputFreq_Value,VCOOutputFreq_Value,PLLCLKFreq_Value,48MHZClocksFreq_Value,VCOI2SOutputFreq_Value,VcooutputI2S,I2SClocksFreq_Value,HSE_VALUE,RTCHSEDivFreq_Value,PLLM,PLLN,SYSCLKSource,HCLKFreq_Value,FCLKCortexFreq_Value,APB1TimFreq_Value,APB2TimFreq_Value,EthernetFreq_Value,MCO2PinFreq_Value,PLLQ,APB1CLKDivider,APB1TimCLKDivider,APB2CLKDivider,APB2TimCLKDivider,PLLSourceVirtual
RCC.LSI_VALUE=32000
RCC.MCO2PinFreq_Value=120000000
RCC.PLLCLKFreq_Value=120000000
RCC.PLLM=25
RCC.PLLN=240
RCC.PLLQ=5
RCC.PLLSourceVirtual=RCC_PLLSOURCE_HSE
RCC.RTCFreq_Value=32000
RCC.RTCHSEDivFreq_Value=12500000
RCC.SYSCLKFreq_VALUE=120000000
RCC.SYSCLKSource=RCC_SYSCLKSOURCE_PLLCLK
RCC.VCOI2SOutputFreq_Value=192000000
RCC.VCOInputFreq_Value=1000000
RCC.VCOOutputFreq_Value=240000000
RCC.VcooutputI2S=96000000
SDIO.BusWide=SDIO_BUS_WIDE_1B
SDIO.IPParameters=BusWide,WideMode
SDIO.WideMode=SDIO_BUS_WIDE_4B
SPI2.BaudRatePrescaler=SPI_BAUDRATEPRESCALER_2
SPI2.CalculateBaudRate=15.0 MBits/s
SPI2.IPParameters=Mode,CalculateBaudRate,BaudRatePrescaler
SPI2.Mode=SPI_MODE_MASTER
